{
  "name": "cohort_banking_js",
  "version": "1.0.0",
  "lockfileVersion": 2,
  "requires": true,
  "packages": {
    "": {
      "name": "cohort_banking_js",
      "version": "1.0.0",
      "license": "UNLICENSED",
      "dependencies": {
        "cohort_sdk_js": "file:../packages/cohort_sdk_js"
      },
      "devDependencies": {
        "typescript": "^5.1.6"
      }
    },
    "../packages/cohort_sdk_js": {
      "version": "0.1.13",
      "license": "MIT",
      "devDependencies": {
        "@napi-rs/cli": "^2.14.0",
        "ava": "^4.3.3",
        "esbuild": "^0.18.0",
        "uuid": "^9.0.0"
      },
      "engines": {
        "node": ">= 10"
      },
      "optionalDependencies": {
        "cohort_sdk_js-darwin-arm64": "0.0.1",
        "cohort_sdk_js-darwin-universal": "0.0.1",
        "cohort_sdk_js-darwin-x64": "0.0.1",
        "cohort_sdk_js-linux-x64-gnu": "0.0.1",
        "cohort_sdk_js-win32-x64-msvc": "0.0.1"
      }
    },
    "node_modules/cohort_sdk_js": {
      "resolved": "../packages/cohort_sdk_js",
      "link": true
    },
    "node_modules/typescript": {
      "version": "5.1.6",
      "dev": true,
      "license": "Apache-2.0",
      "bin": {
        "tsc": "bin/tsc",
        "tsserver": "bin/tsserver"
      },
      "engines": {
        "node": ">=14.17"
      }
    }
  },
  "dependencies": {
    "cohort_sdk_js": {
      "version": "file:../packages/cohort_sdk_js",
      "requires": {
        "@napi-rs/cli": "^2.14.0",
        "ava": "^4.3.3",
        "cohort_sdk_js-darwin-arm64": "0.0.1",
        "cohort_sdk_js-darwin-universal": "0.0.1",
        "cohort_sdk_js-darwin-x64": "0.0.1",
        "cohort_sdk_js-linux-x64-gnu": "0.0.1",
        "cohort_sdk_js-win32-x64-msvc": "0.0.1",
        "esbuild": "^0.18.0",
        "uuid": "^9.0.0"
      }
    },
    "typescript": {
      "version": "5.1.6",
      "dev": true
    }
  }
}
